<?xml version="1.0" encoding="utf-8"?>
<Project ToolsVersion="4.0" xmlns="http://schemas.microsoft.com/developer/msbuild/2003">
  <ItemGroup>
    <Filter Include="Maro_UI">
      <UniqueIdentifier>{7228DC97-55C7-4662-8CA6-6326B1C02404}</UniqueIdentifier>
    </Filter>
    <Filter Include="Maro_Core">
      <UniqueIdentifier>{3F5AFDA9-9E31-4AB2-BC0D-26B0BCF65C4D}</UniqueIdentifier>
    </Filter>
    <Filter Include="Maro_Headers">
      <UniqueIdentifier>{11CD0B09-0B1C-4683-8B01-CAB71D6DD287}</UniqueIdentifier>
    </Filter>
  </ItemGroup>
  <ItemGroup>
    <ClCompile Include="Maro_CLive_Maro.cpp">
      <Filter>Maro_UI</Filter>
    </ClCompile>
    <ClCompile Include="Maro_App.cpp">
      <Filter>Maro_UI</Filter>
    </ClCompile>
    <ClCompile Include="Maro_Text.cpp">
      <Filter>Maro_Core</Filter>
    </ClCompile>
    <ClCompile Include="Maro_Process.cpp">
      <Filter>Maro_Core</Filter>
    </ClCompile>
    <ClCompile Include="Maro_Analyzer.cpp">
      <Filter>Maro_Core</Filter>
    </ClCompile>
    <ClCompile Include="Maro_Engine.cpp">
      <Filter>Maro_Core</Filter>
    </ClCompile>
  </ItemGroup>
  <ItemGroup>
    <ClInclude Include="Maro_App.hpp">
      <Filter>Maro_Headers</Filter>
    </ClInclude>
    <ClInclude Include="Maro_Models.hpp">
      <Filter>Maro_Headers</Filter>
    </ClInclude>
    <ClInclude Include="Maro_Text.hpp">
      <Filter>Maro_Headers</Filter>
    </ClInclude>
    <ClInclude Include="Maro_Process.hpp">
      <Filter>Maro_Headers</Filter>
    </ClInclude>
    <ClInclude Include="Maro_Analyzer.hpp">
      <Filter>Maro_Headers</Filter>
    </ClInclude>
    <ClInclude Include="Maro_Engine.hpp">
      <Filter>Maro_Headers</Filter>
    </ClInclude>
  </ItemGroup>
</Project>
