<?xml version="1.0" encoding="utf-8"?>
<Project ToolsVersion="4.0" xmlns="http://schemas.microsoft.com/developer/msbuild/2003">
  <ItemGroup>
    <Filter Include="Maro_Setup">
      <UniqueIdentifier>{7228DC97-55C7-4662-8CA6-6326B1C02404}</UniqueIdentifier>
    </Filter>
    <Filter Include="Maro_Headers">
      <UniqueIdentifier>{11CD0B09-0B1C-4683-8B01-CAB71D6DD287}</UniqueIdentifier>
    </Filter>
  </ItemGroup>
  <ItemGroup>
    <ClCompile Include="Maro_CLive_Maro_Setup.cpp">
      <Filter>Maro_Setup</Filter>
    </ClCompile>
  </ItemGroup>
  <ItemGroup>
    <ClInclude Include="Maro_CLive_Maro_Setup.hpp">
      <Filter>Maro_Headers</Filter>
    </ClInclude>
  </ItemGroup>
  <ItemGroup>
    <ResourceCompile Include="Maro_CLive_Maro_Setup.rc">
      <Filter>Maro_Setup</Filter>
    </ResourceCompile>
  </ItemGroup>
</Project>
